// !$*UTF8*$!
{
	archiveVersion = 1;
	classes = {
	};
	objectVersion = 50;
	objects = {

/* Begin PBXBuildFile section */
		CC2462A922DF5BD4008DD799 /* QuestionInput.swift in Sources */ = {isa = PBXBuildFile; fileRef = CC2462A822DF5BD4008DD799 /* QuestionInput.swift */; };
		CC2462AB22DF5C70008DD799 /* FeedReceiveInput.swift in Sources */ = {isa = PBXBuildFile; fileRef = CC2462AA22DF5C70008DD799 /* FeedReceiveInput.swift */; };
		CC2462AD22DF7D31008DD799 /* ResponseInput.swift in Sources */ = {isa = PBXBuildFile; fileRef = CC2462AC22DF7D31008DD799 /* ResponseInput.swift */; };
		CC2462AF22DFB005008DD799 /* Specific Question Page.swift in Sources */ = {isa = PBXBuildFile; fileRef = CC2462AE22DFB005008DD799 /* Specific Question Page.swift */; };
		CCC1001022DCFC6D0043CC2F /* AppDelegate.swift in Sources */ = {isa = PBXBuildFile; fileRef = CCC1000F22DCFC6D0043CC2F /* AppDelegate.swift */; };
		CCC1001222DCFC6E0043CC2F /* ViewController.swift in Sources */ = {isa = PBXBuildFile; fileRef = CCC1001122DCFC6E0043CC2F /* ViewController.swift */; };
		CCC1001522DCFC6E0043CC2F /* Main.storyboard in Resources */ = {isa = PBXBuildFile; fileRef = CCC1001322DCFC6E0043CC2F /* Main.storyboard */; };
		CCC1001822DCFC6E0043CC2F /* Phone_a_Friend_.xcdatamodeld in Sources */ = {isa = PBXBuildFile; fileRef = CCC1001622DCFC6E0043CC2F /* Phone_a_Friend_.xcdatamodeld */; };
		CCC1001A22DCFC6F0043CC2F /* Assets.xcassets in Resources */ = {isa = PBXBuildFile; fileRef = CCC1001922DCFC6F0043CC2F /* Assets.xcassets */; };
		CCC1001D22DCFC6F0043CC2F /* LaunchScreen.storyboard in Resources */ = {isa = PBXBuildFile; fileRef = CCC1001B22DCFC6F0043CC2F /* LaunchScreen.storyboard */; };
/* End PBXBuildFile section */

/* Begin PBXFileReference section */
		CC2462A822DF5BD4008DD799 /* QuestionInput.swift */ = {isa = PBXFileReference; lastKnownFileType = sourcecode.swift; path = QuestionInput.swift; sourceTree = "<group>"; };
		CC2462AA22DF5C70008DD799 /* FeedReceiveInput.swift */ = {isa = PBXFileReference; lastKnownFileType = sourcecode.swift; path = FeedReceiveInput.swift; sourceTree = "<group>"; };
		CC2462AC22DF7D31008DD799 /* ResponseInput.swift */ = {isa = PBXFileReference; lastKnownFileType = sourcecode.swift; path = ResponseInput.swift; sourceTree = "<group>"; };
		CC2462AE22DFB005008DD799 /* Specific Question Page.swift */ = {isa = PBXFileReference; lastKnownFileType = sourcecode.swift; path = "Specific Question Page.swift"; sourceTree = "<group>"; };
		CCC1000C22DCFC6D0043CC2F /* Phone a Friend!.app */ = {isa = PBXFileReference; explicitFileType = wrapper.application; includeInIndex = 0; path = "Phone a Friend!.app"; sourceTree = BUILT_PRODUCTS_DIR; };
		CCC1000F22DCFC6D0043CC2F /* AppDelegate.swift */ = {isa = PBXFileReference; lastKnownFileType = sourcecode.swift; path = AppDelegate.swift; sourceTree = "<group>"; };
		CCC1001122DCFC6E0043CC2F /* ViewController.swift */ = {isa = PBXFileReference; lastKnownFileType = sourcecode.swift; path = ViewController.swift; sourceTree = "<group>"; };
		CCC1001422DCFC6E0043CC2F /* Base */ = {isa = PBXFileReference; lastKnownFileType = file.storyboard; name = Base; path = Base.lproj/Main.storyboard; sourceTree = "<group>"; };
		CCC1001722DCFC6E0043CC2F /* Phone_a_Friend_.xcdatamodel */ = {isa = PBXFileReference; lastKnownFileType = wrapper.xcdatamodel; path = Phone_a_Friend_.xcdatamodel; sourceTree = "<group>"; };
		CCC1001922DCFC6F0043CC2F /* Assets.xcassets */ = {isa = PBXFileReference; lastKnownFileType = folder.assetcatalog; path = Assets.xcassets; sourceTree = "<group>"; };
		CCC1001C22DCFC6F0043CC2F /* Base */ = {isa = PBXFileReference; lastKnownFileType = file.storyboard; name = Base; path = Base.lproj/LaunchScreen.storyboard; sourceTree = "<group>"; };
		CCC1001E22DCFC6F0043CC2F /* Info.plist */ = {isa = PBXFileReference; lastKnownFileType = text.plist.xml; path = Info.plist; sourceTree = "<group>"; };
/* End PBXFileReference section */

/* Begin PBXFrameworksBuildPhase section */
		CCC1000922DCFC6D0043CC2F /* Frameworks */ = {
			isa = PBXFrameworksBuildPhase;
			buildActionMask = 2147483647;
			files = (
			);
			runOnlyForDeploymentPostprocessing = 0;
		};
/* End PBXFrameworksBuildPhase section */

/* Begin PBXGroup section */
		CCC1000322DCFC6D0043CC2F = {
			isa = PBXGroup;
			children = (
				CCC1000E22DCFC6D0043CC2F /* Phone a Friend! */,
				CCC1000D22DCFC6D0043CC2F /* Products */,
			);
			sourceTree = "<group>";
		};
		CCC1000D22DCFC6D0043CC2F /* Products */ = {
			isa = PBXGroup;
			children = (
				CCC1000C22DCFC6D0043CC2F /* Phone a Friend!.app */,
			);
			name = Products;
			sourceTree = "<group>";
		};
		CCC1000E22DCFC6D0043CC2F /* Phone a Friend! */ = {
			isa = PBXGroup;
			children = (
				CCC1000F22DCFC6D0043CC2F /* AppDelegate.swift */,
				CCC1001122DCFC6E0043CC2F /* ViewController.swift */,
				CCC1001322DCFC6E0043CC2F /* Main.storyboard */,
				CCC1001922DCFC6F0043CC2F /* Assets.xcassets */,
				CCC1001B22DCFC6F0043CC2F /* LaunchScreen.storyboard */,
				CCC1001E22DCFC6F0043CC2F /* Info.plist */,
				CCC1001622DCFC6E0043CC2F /* Phone_a_Friend_.xcdatamodeld */,
				CC2462A822DF5BD4008DD799 /* QuestionInput.swift */,
				CC2462AA22DF5C70008DD799 /* FeedReceiveInput.swift */,
				CC2462AE22DFB005008DD799 /* Specific Question Page.swift */,
				CC2462AC22DF7D31008DD799 /* ResponseInput.swift */,
			);
			path = "Phone a Friend!";
			sourceTree = "<group>";
		};
/* End PBXGroup section */

/* Begin PBXNativeTarget section */
		CCC1000B22DCFC6D0043CC2F /* Phone a Friend! */ = {
			isa = PBXNativeTarget;
			buildConfigurationList = CCC1002122DCFC6F0043CC2F /* Build configuration list for PBXNativeTarget "Phone a Friend!" */;
			buildPhases = (
				CCC1000822DCFC6D0043CC2F /* Sources */,
				CCC1000922DCFC6D0043CC2F /* Frameworks */,
				CCC1000A22DCFC6D0043CC2F /* Resources */,
			);
			buildRules = (
			);
			dependencies = (
			);
			name = "Phone a Friend!";
			productName = "Phone a Friend!";
			productReference = CCC1000C22DCFC6D0043CC2F /* Phone a Friend!.app */;
			productType = "com.apple.product-type.application";
		};
/* End PBXNativeTarget section */

/* Begin PBXProject section */
		CCC1000422DCFC6D0043CC2F /* Project object */ = {
			isa = PBXProject;
			attributes = {
				LastSwiftUpdateCheck = 1010;
				LastUpgradeCheck = 1010;
				ORGANIZATIONNAME = "Girls Who Code";
				TargetAttributes = {
					CCC1000B22DCFC6D0043CC2F = {
						CreatedOnToolsVersion = 10.1;
					};
				};
			};
			buildConfigurationList = CCC1000722DCFC6D0043CC2F /* Build configuration list for PBXProject "Phone a Friend!" */;
			compatibilityVersion = "Xcode 9.3";
			developmentRegion = en;
			hasScannedForEncodings = 0;
			knownRegions = (
				en,
				Base,
			);
			mainGroup = CCC1000322DCFC6D0043CC2F;
			productRefGroup = CCC1000D22DCFC6D0043CC2F /* Products */;
			projectDirPath = "";
			projectRoot = "";
			targets = (
				CCC1000B22DCFC6D0043CC2F /* Phone a Friend! */,
			);
		};
/* End PBXProject section */

/* Begin PBXResourcesBuildPhase section */
		CCC1000A22DCFC6D0043CC2F /* Resources */ = {
			isa = PBXResourcesBuildPhase;
			buildActionMask = 2147483647;
			files = (
				CCC1001D22DCFC6F0043CC2F /* LaunchScreen.storyboard in Resources */,
				CCC1001A22DCFC6F0043CC2F /* Assets.xcassets in Resources */,
				CCC1001522DCFC6E0043CC2F /* Main.storyboard in Resources */,
			);
			runOnlyForDeploymentPostprocessing = 0;
		};
/* End PBXResourcesBuildPhase section */

/* Begin PBXSourcesBuildPhase section */
		CCC1000822DCFC6D0043CC2F /* Sources */ = {
			isa = PBXSourcesBuildPhase;
			buildActionMask = 2147483647;
			files = (
				CCC1001222DCFC6E0043CC2F /* ViewController.swift in Sources */,
				CC2462AB22DF5C70008DD799 /* FeedReceiveInput.swift in Sources */,
				CC2462AF22DFB005008DD799 /* Specific Question Page.swift in Sources */,
				CCC1001822DCFC6E0043CC2F /* Phone_a_Friend_.xcdatamodeld in Sources */,
				CC2462A922DF5BD4008DD799 /* QuestionInput.swift in Sources */,
				CCC1001022DCFC6D0043CC2F /* AppDelegate.swift in Sources */,
				CC2462AD22DF7D31008DD799 /* ResponseInput.swift in Sources */,
			);
			runOnlyForDeploymentPostprocessing = 0;
		};
/* End PBXSourcesBuildPhase section */

/* Begin PBXVariantGroup section */
		CCC1001322DCFC6E0043CC2F /* Main.storyboard */ = {
			isa = PBXVariantGroup;
			children = (
				CCC1001422DCFC6E0043CC2F /* Base */,
			);
			name = Main.storyboard;
			sourceTree = "<group>";
		};
		CCC1001B22DCFC6F0043CC2F /* LaunchScreen.storyboard */ = {
			isa = PBXVariantGroup;
			children = (
				CCC1001C22DCFC6F0043CC2F /* Base */,
			);
			name = LaunchScreen.storyboard;
			sourceTree = "<group>";
		};
/* End PBXVariantGroup section */

/* Begin XCBuildConfiguration section */
		CCC1001F22DCFC6F0043CC2F /* Debug */ = {
			isa = XCBuildConfiguration;
			buildSettings = {
				ALWAYS_SEARCH_USER_PATHS = NO;
				CLANG_ANALYZER_NONNULL = YES;
				CLANG_ANALYZER_NUMBER_OBJECT_CONVERSION = YES_AGGRESSIVE;
				CLANG_CXX_LANGUAGE_STANDARD = "gnu++14";
				CLANG_CXX_LIBRARY = "libc++";
				CLANG_ENABLE_MODULES = YES;
				CLANG_ENABLE_OBJC_ARC = YES;
				CLANG_ENABLE_OBJC_WEAK = YES;
				CLANG_WARN_BLOCK_CAPTURE_AUTORELEASING = YES;
				CLANG_WARN_BOOL_CONVERSION = YES;
				CLANG_WARN_COMMA = YES;
				CLANG_WARN_CONSTANT_CONVERSION = YES;
				CLANG_WARN_DEPRECATED_OBJC_IMPLEMENTATIONS = YES;
				CLANG_WARN_DIRECT_OBJC_ISA_USAGE = YES_ERROR;
				CLANG_WARN_DOCUMENTATION_COMMENTS = YES;
				CLANG_WARN_EMPTY_BODY = YES;
				CLANG_WARN_ENUM_CONVERSION = YES;
				CLANG_WARN_INFINITE_RECURSION = YES;
				CLANG_WARN_INT_CONVERSION = YES;
				CLANG_WARN_NON_LITERAL_NULL_CONVERSION = YES;
				CLANG_WARN_OBJC_IMPLICIT_RETAIN_SELF = YES;
				CLANG_WARN_OBJC_LITERAL_CONVERSION = YES;
				CLANG_WARN_OBJC_ROOT_CLASS = YES_ERROR;
				CLANG_WARN_RANGE_LOOP_ANALYSIS = YES;
				CLANG_WARN_STRICT_PROTOTYPES = YES;
				CLANG_WARN_SUSPICIOUS_MOVE = YES;
				CLANG_WARN_UNGUARDED_AVAILABILITY = YES_AGGRESSIVE;
				CLANG_WARN_UNREACHABLE_CODE = YES;
				CLANG_WARN__DUPLICATE_METHOD_MATCH = YES;
				CODE_SIGN_IDENTITY = "iPhone Developer";
				COPY_PHASE_STRIP = NO;
				DEBUG_INFORMATION_FORMAT = dwarf;
				ENABLE_STRICT_OBJC_MSGSEND = YES;
				ENABLE_TESTABILITY = YES;
				GCC_C_LANGUAGE_STANDARD = gnu11;
				GCC_DYNAMIC_NO_PIC = NO;
				GCC_NO_COMMON_BLOCKS = YES;
				GCC_OPTIMIZATION_LEVEL = 0;
				GCC_PREPROCESSOR_DEFINITIONS = (
					"DEBUG=1",
					"$(inherited)",
				);
				GCC_WARN_64_TO_32_BIT_CONVERSION = YES;
				GCC_WARN_ABOUT_RETURN_TYPE = YES_ERROR;
				GCC_WARN_UNDECLARED_SELECTOR = YES;
				GCC_WARN_UNINITIALIZED_AUTOS = YES_AGGRESSIVE;
				GCC_WARN_UNUSED_FUNCTION = YES;
				GCC_WARN_UNUSED_VARIABLE = YES;
				IPHONEOS_DEPLOYMENT_TARGET = 12.1;
				MTL_ENABLE_DEBUG_INFO = INCLUDE_SOURCE;
				MTL_FAST_MATH = YES;
				ONLY_ACTIVE_ARCH = YES;
				SDKROOT = iphoneos;
				SWIFT_ACTIVE_COMPILATION_CONDITIONS = DEBUG;
				SWIFT_OPTIMIZATION_LEVEL = "-Onone";
			};
			name = Debug;
		};
		CCC1002022DCFC6F0043CC2F /* Release */ = {
			isa = XCBuildConfiguration;
			buildSettings = {
				ALWAYS_SEARCH_USER_PATHS = NO;
				CLANG_ANALYZER_NONNULL = YES;
				CLANG_ANALYZER_NUMBER_OBJECT_CONVERSION = YES_AGGRESSIVE;
				CLANG_CXX_LANGUAGE_STANDARD = "gnu++14";
				CLANG_CXX_LIBRARY = "libc++";
				CLANG_ENABLE_MODULES = YES;
				CLANG_ENABLE_OBJC_ARC = YES;
				CLANG_ENABLE_OBJC_WEAK = YES;
				CLANG_WARN_BLOCK_CAPTURE_AUTORELEASING = YES;
				CLANG_WARN_BOOL_CONVERSION = YES;
				CLANG_WARN_COMMA = YES;
				CLANG_WARN_CONSTANT_CONVERSION = YES;
				CLANG_WARN_DEPRECATED_OBJC_IMPLEMENTATIONS = YES;
				CLANG_WARN_DIRECT_OBJC_ISA_USAGE = YES_ERROR;
				CLANG_WARN_DOCUMENTATION_COMMENTS = YES;
				CLANG_WARN_EMPTY_BODY = YES;
				CLANG_WARN_ENUM_CONVERSION = YES;
				CLANG_WARN_INFINITE_RECURSION = YES;
				CLANG_WARN_INT_CONVERSION = YES;
				CLANG_WARN_NON_LITERAL_NULL_CONVERSION = YES;
				CLANG_WARN_OBJC_IMPLICIT_RETAIN_SELF = YES;
				CLANG_WARN_OBJC_LITERAL_CONVERSION = YES;
				CLANG_WARN_OBJC_ROOT_CLASS = YES_ERROR;
				CLANG_WARN_RANGE_LOOP_ANALYSIS = YES;
				CLANG_WARN_STRICT_PROTOTYPES = YES;
				CLANG_WARN_SUSPICIOUS_MOVE = YES;
				CLANG_WARN_UNGUARDED_AVAILABILITY = YES_AGGRESSIVE;
				CLANG_WARN_UNREACHABLE_CODE = YES;
				CLANG_WARN__DUPLICATE_METHOD_MATCH = YES;
				CODE_SIGN_IDENTITY = "iPhone Developer";
				COPY_PHASE_STRIP = NO;
				DEBUG_INFORMATION_FORMAT = "dwarf-with-dsym";
				ENABLE_NS_ASSERTIONS = NO;
				ENABLE_STRICT_OBJC_MSGSEND = YES;
				GCC_C_LANGUAGE_STANDARD = gnu11;
				GCC_NO_COMMON_BLOCKS = YES;
				GCC_WARN_64_TO_32_BIT_CONVERSION = YES;
				GCC_WARN_ABOUT_RETURN_TYPE = YES_ERROR;
				GCC_WARN_UNDECLARED_SELECTOR = YES;
				GCC_WARN_UNINITIALIZED_AUTOS = YES_AGGRESSIVE;
				GCC_WARN_UNUSED_FUNCTION = YES;
				GCC_WARN_UNUSED_VARIABLE = YES;
				IPHONEOS_DEPLOYMENT_TARGET = 12.1;
				MTL_ENABLE_DEBUG_INFO = NO;
				MTL_FAST_MATH = YES;
				SDKROOT = iphoneos;
				SWIFT_COMPILATION_MODE = wholemodule;
				SWIFT_OPTIMIZATION_LEVEL = "-O";
				VALIDATE_PRODUCT = YES;
			};
			name = Release;
		};
		CCC1002222DCFC6F0043CC2F /* Debug */ = {
			isa = XCBuildConfiguration;
			buildSettings = {
				ASSETCATALOG_COMPILER_APPICON_NAME = AppIcon;
				CODE_SIGN_STYLE = Automatic;
				DEVELOPMENT_TEAM = TTYMWH2LQ6;
				INFOPLIST_FILE = "Phone a Friend!/Info.plist";
				LD_RUNPATH_SEARCH_PATHS = (
					"$(inherited)",
					"@executable_path/Frameworks",
				);
				PRODUCT_BUNDLE_IDENTIFIER = "com.elizabeth.Phone-a-Friend-";
				PRODUCT_NAME = "$(TARGET_NAME)";
				SWIFT_VERSION = 4.2;
				TARGETED_DEVICE_FAMILY = "1,2";
			};
			name = Debug;
		};
		CCC1002322DCFC6F0043CC2F /* Release */ = {
			isa = XCBuildConfiguration;
			buildSettings = {
				ASSETCATALOG_COMPILER_APPICON_NAME = AppIcon;
				CODE_SIGN_STYLE = Automatic;
				DEVELOPMENT_TEAM = TTYMWH2LQ6;
				INFOPLIST_FILE = "Phone a Friend!/Info.plist";
				LD_RUNPATH_SEARCH_PATHS = (
					"$(inherited)",
					"@executable_path/Frameworks",
				);
				PRODUCT_BUNDLE_IDENTIFIER = "com.elizabeth.Phone-a-Friend-";
				PRODUCT_NAME = "$(TARGET_NAME)";
				SWIFT_VERSION = 4.2;
				TARGETED_DEVICE_FAMILY = "1,2";
			};
			name = Release;
		};
/* End XCBuildConfiguration section */

/* Begin XCConfigurationList section */
		CCC1000722DCFC6D0043CC2F /* Build configuration list for PBXProject "Phone a Friend!" */ = {
			isa = XCConfigurationList;
			buildConfigurations = (
				CCC1001F22DCFC6F0043CC2F /* Debug */,
				CCC1002022DCFC6F0043CC2F /* Release */,
			);
			defaultConfigurationIsVisible = 0;
			defaultConfigurationName = Release;
		};
		CCC1002122DCFC6F0043CC2F /* Build configuration list for PBXNativeTarget "Phone a Friend!" */ = {
			isa = XCConfigurationList;
			buildConfigurations = (
				CCC1002222DCFC6F0043CC2F /* Debug */,
				CCC1002322DCFC6F0043CC2F /* Release */,
			);
			defaultConfigurationIsVisible = 0;
			defaultConfigurationName = Release;
		};
/* End XCConfigurationList section */

/* Begin XCVersionGroup section */
		CCC1001622DCFC6E0043CC2F /* Phone_a_Friend_.xcdatamodeld */ = {
			isa = XCVersionGroup;
			children = (
				CCC1001722DCFC6E0043CC2F /* Phone_a_Friend_.xcdatamodel */,
			);
			currentVersion = CCC1001722DCFC6E0043CC2F /* Phone_a_Friend_.xcdatamodel */;
			path = Phone_a_Friend_.xcdatamodeld;
			sourceTree = "<group>";
			versionGroupType = wrapper.xcdatamodel;
		};
/* End XCVersionGroup section */
	};
	rootObject = CCC1000422DCFC6D0043CC2F /* Project object */;
}
